// !$*UTF8*$!
{
	archiveVersion = 1;
	classes = {
	};
	objectVersion = 46;
	objects = {

/* Begin PBXBuildFile section */
		C2355A341E899DF800EE210D /* main.m in Sources */ = {isa = PBXBuildFile; fileRef = C2355A331E899DF800EE210D /* main.m */; };
		C2355A371E899DF800EE210D /* AppDelegate.m in Sources */ = {isa = PBXBuildFile; fileRef = C2355A361E899DF800EE210D /* AppDelegate.m */; };
		C2355A3A1E899DF800EE210D /* ViewController.m in Sources */ = {isa = PBXBuildFile; fileRef = C2355A391E899DF800EE210D /* ViewController.m */; };
		C2355A3D1E899DF800EE210D /* Main.storyboard in Resources */ = {isa = PBXBuildFile; fileRef = C2355A3B1E899DF800EE210D /* Main.storyboard */; };
		C2355A3F1E899DF800EE210D /* Assets.xcassets in Resources */ = {isa = PBXBuildFile; fileRef = C2355A3E1E899DF800EE210D /* Assets.xcassets */; };
		C2355A421E899DF800EE210D /* LaunchScreen.storyboard in Resources */ = {isa = PBXBuildFile; fileRef = C2355A401E899DF800EE210D /* LaunchScreen.storyboard */; };
		C2355A4C1E899E2400EE210D /* circle_blue.png in Resources */ = {isa = PBXBuildFile; fileRef = C2355A4A1E899E2400EE210D /* circle_blue.png */; };
		C2355A4D1E899E2400EE210D /* circle_green.png in Resources */ = {isa = PBXBuildFile; fileRef = C2355A4B1E899E2400EE210D /* circle_green.png */; };
/* End PBXBuildFile section */

/* Begin PBXFileReference section */
		C2355A2F1E899DF800EE210D /* C_LEDDEMO.app */ = {isa = PBXFileReference; explicitFileType = wrapper.application; includeInIndex = 0; path = C_LEDDEMO.app; sourceTree = BUILT_PRODUCTS_DIR; };
		C2355A331E899DF800EE210D /* main.m */ = {isa = PBXFileReference; lastKnownFileType = sourcecode.c.objc; path = main.m; sourceTree = "<group>"; };
		C2355A351E899DF800EE210D /* AppDelegate.h */ = {isa = PBXFileReference; lastKnownFileType = sourcecode.c.h; path = AppDelegate.h; sourceTree = "<group>"; };
		C2355A361E899DF800EE210D /* AppDelegate.m */ = {isa = PBXFileReference; lastKnownFileType = sourcecode.c.objc; path = AppDelegate.m; sourceTree = "<group>"; };
		C2355A381E899DF800EE210D /* ViewController.h */ = {isa = PBXFileReference; lastKnownFileType = sourcecode.c.h; path = ViewController.h; sourceTree = "<group>"; };
		C2355A391E899DF800EE210D /* ViewController.m */ = {isa = PBXFileReference; lastKnownFileType = sourcecode.c.objc; path = ViewController.m; sourceTree = "<group>"; };
		C2355A3C1E899DF800EE210D /* Base */ = {isa = PBXFileReference; lastKnownFileType = file.storyboard; name = Base; path = Base.lproj/Main.storyboard; sourceTree = "<group>"; };
		C2355A3E1E899DF800EE210D /* Assets.xcassets */ = {isa = PBXFileReference; lastKnownFileType = folder.assetcatalog; path = Assets.xcassets; sourceTree = "<group>"; };
		C2355A411E899DF800EE210D /* Base */ = {isa = PBXFileReference; lastKnownFileType = file.storyboard; name = Base; path = Base.lproj/LaunchScreen.storyboard; sourceTree = "<group>"; };
		C2355A431E899DF800EE210D /* Info.plist */ = {isa = PBXFileReference; lastKnownFileType = text.plist.xml; path = Info.plist; sourceTree = "<group>"; };
		C2355A4A1E899E2400EE210D /* circle_blue.png */ = {isa = PBXFileReference; lastKnownFileType = image.png; path = circle_blue.png; sourceTree = "<group>"; };
		C2355A4B1E899E2400EE210D /* circle_green.png */ = {isa = PBXFileReference; lastKnownFileType = image.png; path = circle_green.png; sourceTree = "<group>"; };
/* End PBXFileReference section */

/* Begin PBXFrameworksBuildPhase section */
		C2355A2C1E899DF800EE210D /* Frameworks */ = {
			isa = PBXFrameworksBuildPhase;
			buildActionMask = 2147483647;
			files = (
			);
			runOnlyForDeploymentPostprocessing = 0;
		};
/* End PBXFrameworksBuildPhase section */

/* Begin PBXGroup section */
		C2355A261E899DF800EE210D = {
			isa = PBXGroup;
			children = (
				C2355A311E899DF800EE210D /* C_LEDDEMO */,
				C2355A301E899DF800EE210D /* Products */,
			);
			sourceTree = "<group>";
		};
		C2355A301E899DF800EE210D /* Products */ = {
			isa = PBXGroup;
			children = (
				C2355A2F1E899DF800EE210D /* C_LEDDEMO.app */,
			);
			name = Products;
			sourceTree = "<group>";
		};
		C2355A311E899DF800EE210D /* C_LEDDEMO */ = {
			isa = PBXGroup;
			children = (
				C2355A351E899DF800EE210D /* AppDelegate.h */,
				C2355A361E899DF800EE210D /* AppDelegate.m */,
				C2355A381E899DF800EE210D /* ViewController.h */,
				C2355A391E899DF800EE210D /* ViewController.m */,
				C2355A491E899E0600EE210D /* images */,
				C2355A3B1E899DF800EE210D /* Main.storyboard */,
				C2355A3E1E899DF800EE210D /* Assets.xcassets */,
				C2355A401E899DF800EE210D /* LaunchScreen.storyboard */,
				C2355A431E899DF800EE210D /* Info.plist */,
				C2355A321E899DF800EE210D /* Supporting Files */,
			);
			path = C_LEDDEMO;
			sourceTree = "<group>";
		};
		C2355A321E899DF800EE210D /* Supporting Files */ = {
			isa = PBXGroup;
			children = (
				C2355A331E899DF800EE210D /* main.m */,
			);
			name = "Supporting Files";
			sourceTree = "<group>";
		};
		C2355A491E899E0600EE210D /* images */ = {
			isa = PBXGroup;
			children = (
				C2355A4A1E899E2400EE210D /* circle_blue.png */,
				C2355A4B1E899E2400EE210D /* circle_green.png */,
			);
			name = images;
			sourceTree = "<group>";
		};
/* End PBXGroup section */

/* Begin PBXNativeTarget section */
		C2355A2E1E899DF800EE210D /* C_LEDDEMO */ = {
			isa = PBXNativeTarget;
			buildConfigurationList = C2355A461E899DF800EE210D /* Build configuration list for PBXNativeTarget "C_LEDDEMO" */;
			buildPhases = (
				C2355A2B1E899DF800EE210D /* Sources */,
				C2355A2C1E899DF800EE210D /* Frameworks */,
				C2355A2D1E899DF800EE210D /* Resources */,
			);
			buildRules = (
			);
			dependencies = (
			);
			name = C_LEDDEMO;
			productName = C_LEDDEMO;
			productReference = C2355A2F1E899DF800EE210D /* C_LEDDEMO.app */;
			productType = "com.apple.product-type.application";
		};
/* End PBXNativeTarget section */

/* Begin PBXProject section */
		C2355A271E899DF800EE210D /* Project object */ = {
			isa = PBXProject;
			attributes = {
				LastUpgradeCheck = 0820;
				ORGANIZATIONNAME = Torginization;
				TargetAttributes = {
					C2355A2E1E899DF800EE210D = {
						CreatedOnToolsVersion = 8.2.1;
						ProvisioningStyle = Automatic;
					};
				};
			};
			buildConfigurationList = C2355A2A1E899DF800EE210D /* Build configuration list for PBXProject "C_LEDDEMO" */;
			compatibilityVersion = "Xcode 3.2";
			developmentRegion = English;
			hasScannedForEncodings = 0;
			knownRegions = (
				en,
				Base,
			);
			mainGroup = C2355A261E899DF800EE210D;
			productRefGroup = C2355A301E899DF800EE210D /* Products */;
			projectDirPath = "";
			projectRoot = "";
			targets = (
				C2355A2E1E899DF800EE210D /* C_LEDDEMO */,
			);
		};
/* End PBXProject section */

/* Begin PBXResourcesBuildPhase section */
		C2355A2D1E899DF800EE210D /* Resources */ = {
			isa = PBXResourcesBuildPhase;
			buildActionMask = 2147483647;
			files = (
				C2355A4D1E899E2400EE210D /* circle_green.png in Resources */,
				C2355A421E899DF800EE210D /* LaunchScreen.storyboard in Resources */,
				C2355A3F1E899DF800EE210D /* Assets.xcassets in Resources */,
				C2355A3D1E899DF800EE210D /* Main.storyboard in Resources */,
				C2355A4C1E899E2400EE210D /* circle_blue.png in Resources */,
			);
			runOnlyForDeploymentPostprocessing = 0;
		};
/* End PBXResourcesBuildPhase section */

/* Begin PBXSourcesBuildPhase section */
		C2355A2B1E899DF800EE210D /* Sources */ = {
			isa = PBXSourcesBuildPhase;
			buildActionMask = 2147483647;
			files = (
				C2355A3A1E899DF800EE210D /* ViewController.m in Sources */,
				C2355A371E899DF800EE210D /* AppDelegate.m in Sources */,
				C2355A341E899DF800EE210D /* main.m in Sources */,
			);
			runOnlyForDeploymentPostprocessing = 0;
		};
/* End PBXSourcesBuildPhase section */

/* Begin PBXVariantGroup section */
		C2355A3B1E899DF800EE210D /* Main.storyboard */ = {
			isa = PBXVariantGroup;
			children = (
				C2355A3C1E899DF800EE210D /* Base */,
			);
			name = Main.storyboard;
			sourceTree = "<group>";
		};
		C2355A401E899DF800EE210D /* LaunchScreen.storyboard */ = {
			isa = PBXVariantGroup;
			children = (
				C2355A411E899DF800EE210D /* Base */,
			);
			name = LaunchScreen.storyboard;
			sourceTree = "<group>";
		};
/* End PBXVariantGroup section */

/* Begin XCBuildConfiguration section */
		C2355A441E899DF800EE210D /* Debug */ = {
			isa = XCBuildConfiguration;
			buildSettings = {
				ALWAYS_SEARCH_USER_PATHS = NO;
				CLANG_ANALYZER_NONNULL = YES;
				CLANG_CXX_LANGUAGE_STANDARD = "gnu++0x";
				CLANG_CXX_LIBRARY = "libc++";
				CLANG_ENABLE_MODULES = YES;
				CLANG_ENABLE_OBJC_ARC = YES;
				CLANG_WARN_BOOL_CONVERSION = YES;
				CLANG_WARN_CONSTANT_CONVERSION = YES;
				CLANG_WARN_DIRECT_OBJC_ISA_USAGE = YES_ERROR;
				CLANG_WARN_DOCUMENTATION_COMMENTS = YES;
				CLANG_WARN_EMPTY_BODY = YES;
				CLANG_WARN_ENUM_CONVERSION = YES;
				CLANG_WARN_INFINITE_RECURSION = YES;
				CLANG_WARN_INT_CONVERSION = YES;
				CLANG_WARN_OBJC_ROOT_CLASS = YES_ERROR;
				CLANG_WARN_SUSPICIOUS_MOVE = YES;
				CLANG_WARN_UNREACHABLE_CODE = YES;
				CLANG_WARN__DUPLICATE_METHOD_MATCH = YES;
				"CODE_SIGN_IDENTITY[sdk=iphoneos*]" = "iPhone Developer";
				COPY_PHASE_STRIP = NO;
				DEBUG_INFORMATION_FORMAT = dwarf;
				ENABLE_STRICT_OBJC_MSGSEND = YES;
				ENABLE_TESTABILITY = YES;
				GCC_C_LANGUAGE_STANDARD = gnu99;
				GCC_DYNAMIC_NO_PIC = NO;
				GCC_NO_COMMON_BLOCKS = YES;
				GCC_OPTIMIZATION_LEVEL = 0;
				GCC_PREPROCESSOR_DEFINITIONS = (
					"DEBUG=1",
					"$(inherited)",
				);
				GCC_WARN_64_TO_32_BIT_CONVERSION = YES;
				GCC_WARN_ABOUT_RETURN_TYPE = YES_ERROR;
				GCC_WARN_UNDECLARED_SELECTOR = YES;
				GCC_WARN_UNINITIALIZED_AUTOS = YES_AGGRESSIVE;
				GCC_WARN_UNUSED_FUNCTION = YES;
				GCC_WARN_UNUSED_VARIABLE = YES;
				IPHONEOS_DEPLOYMENT_TARGET = 10.2;
				MTL_ENABLE_DEBUG_INFO = YES;
				ONLY_ACTIVE_ARCH = YES;
				SDKROOT = iphoneos;
				TARGETED_DEVICE_FAMILY = "1,2";
			};
			name = Debug;
		};
		C2355A451E899DF800EE210D /* Release */ = {
			isa = XCBuildConfiguration;
			buildSettings = {
				ALWAYS_SEARCH_USER_PATHS = NO;
				CLANG_ANALYZER_NONNULL = YES;
				CLANG_CXX_LANGUAGE_STANDARD = "gnu++0x";
				CLANG_CXX_LIBRARY = "libc++";
				CLANG_ENABLE_MODULES = YES;
				CLANG_ENABLE_OBJC_ARC = YES;
				CLANG_WARN_BOOL_CONVERSION = YES;
				CLANG_WARN_CONSTANT_CONVERSION = YES;
				CLANG_WARN_DIRECT_OBJC_ISA_USAGE = YES_ERROR;
				CLANG_WARN_DOCUMENTATION_COMMENTS = YES;
				CLANG_WARN_EMPTY_BODY = YES;
				CLANG_WARN_ENUM_CONVERSION = YES;
				CLANG_WARN_INFINITE_RECURSION = YES;
				CLANG_WARN_INT_CONVERSION = YES;
				CLANG_WARN_OBJC_ROOT_CLASS = YES_ERROR;
				CLANG_WARN_SUSPICIOUS_MOVE = YES;
				CLANG_WARN_UNREACHABLE_CODE = YES;
				CLANG_WARN__DUPLICATE_METHOD_MATCH = YES;
				"CODE_SIGN_IDENTITY[sdk=iphoneos*]" = "iPhone Developer";
				COPY_PHASE_STRIP = NO;
				DEBUG_INFORMATION_FORMAT = "dwarf-with-dsym";
				ENABLE_NS_ASSERTIONS = NO;
				ENABLE_STRICT_OBJC_MSGSEND = YES;
				GCC_C_LANGUAGE_STANDARD = gnu99;
				GCC_NO_COMMON_BLOCKS = YES;
				GCC_WARN_64_TO_32_BIT_CONVERSION = YES;
				GCC_WARN_ABOUT_RETURN_TYPE = YES_ERROR;
				GCC_WARN_UNDECLARED_SELECTOR = YES;
				GCC_WARN_UNINITIALIZED_AUTOS = YES_AGGRESSIVE;
				GCC_WARN_UNUSED_FUNCTION = YES;
				GCC_WARN_UNUSED_VARIABLE = YES;
				IPHONEOS_DEPLOYMENT_TARGET = 10.2;
				MTL_ENABLE_DEBUG_INFO = NO;
				SDKROOT = iphoneos;
				TARGETED_DEVICE_FAMILY = "1,2";
				VALIDATE_PRODUCT = YES;
			};
			name = Release;
		};
		C2355A471E899DF800EE210D /* Debug */ = {
			isa = XCBuildConfiguration;
			buildSettings = {
				ASSETCATALOG_COMPILER_APPICON_NAME = AppIcon;
				INFOPLIST_FILE = C_LEDDEMO/Info.plist;
				LD_RUNPATH_SEARCH_PATHS = "$(inherited) @executable_path/Frameworks";
				PRODUCT_BUNDLE_IDENTIFIER = "com.flycorsits.C-LEDDEMO";
				PRODUCT_NAME = "$(TARGET_NAME)";
			};
			name = Debug;
		};
		C2355A481E899DF800EE210D /* Release */ = {
			isa = XCBuildConfiguration;
			buildSettings = {
				ASSETCATALOG_COMPILER_APPICON_NAME = AppIcon;
				INFOPLIST_FILE = C_LEDDEMO/Info.plist;
				LD_RUNPATH_SEARCH_PATHS = "$(inherited) @executable_path/Frameworks";
				PRODUCT_BUNDLE_IDENTIFIER = "com.flycorsits.C-LEDDEMO";
				PRODUCT_NAME = "$(TARGET_NAME)";
			};
			name = Release;
		};
/* End XCBuildConfiguration section */

/* Begin XCConfigurationList section */
		C2355A2A1E899DF800EE210D /* Build configuration list for PBXProject "C_LEDDEMO" */ = {
			isa = XCConfigurationList;
			buildConfigurations = (
				C2355A441E899DF800EE210D /* Debug */,
				C2355A451E899DF800EE210D /* Release */,
			);
			defaultConfigurationIsVisible = 0;
			defaultConfigurationName = Release;
		};
		C2355A461E899DF800EE210D /* Build configuration list for PBXNativeTarget "C_LEDDEMO" */ = {
			isa = XCConfigurationList;
			buildConfigurations = (
				C2355A471E899DF800EE210D /* Debug */,
				C2355A481E899DF800EE210D /* Release */,
			);
			defaultConfigurationIsVisible = 0;
		};
/* End XCConfigurationList section */
	};
	rootObject = C2355A271E899DF800EE210D /* Project object */;
}
